// !$*UTF8*$!
{
	archiveVersion = 1;
	classes = {
	};
	objectVersion = 46;
	objects = {

/* Begin PBXBuildFile section */
		BCF372D29E02B13DB30E5C22 /* macxpriceUITests.swift in Sources */ = {isa = PBXBuildFile; fileRef = BCF374B208E205E2B9D0F3C8 /* macxpriceUITests.swift */; };
		BCF3772B73D165FD52627862 /* AppDelegate.swift in Sources */ = {isa = PBXBuildFile; fileRef = BCF37B206E50974D260DCC79 /* AppDelegate.swift */; };
		BCF378D24312ED4B6BA07E2F /* Assets.xcassets in Resources */ = {isa = PBXBuildFile; fileRef = BCF375514A74723351EB11D3 /* Assets.xcassets */; };
		BCF379F380EBD50B16202F11 /* macxpriceTests.swift in Sources */ = {isa = PBXBuildFile; fileRef = BCF3753D708E0E51B3C99607 /* macxpriceTests.swift */; };
		BCF37D06AA3E609D76EB25CE /* Main.storyboard in Resources */ = {isa = PBXBuildFile; fileRef = BCF3720BA1D991ABADB142C6 /* Main.storyboard */; };
		BCF37D779711CC22BF2D3A2C /* ViewController.swift in Sources */ = {isa = PBXBuildFile; fileRef = BCF3705CBFAF7C0815486AA2 /* ViewController.swift */; };
/* End PBXBuildFile section */

/* Begin PBXContainerItemProxy section */
		BCF37BF4B39838859043EA70 /* PBXContainerItemProxy */ = {
			isa = PBXContainerItemProxy;
			containerPortal = BCF3797AC348F4EA87585704 /* Project object */;
			proxyType = 1;
			remoteGlobalIDString = BCF3753A19DD8B297520DA34;
			remoteInfo = macxprice;
		};
		BCF37F1AF084E80F4F2CAFC5 /* PBXContainerItemProxy */ = {
			isa = PBXContainerItemProxy;
			containerPortal = BCF3797AC348F4EA87585704 /* Project object */;
			proxyType = 1;
			remoteGlobalIDString = BCF3753A19DD8B297520DA34;
			remoteInfo = macxprice;
		};
/* End PBXContainerItemProxy section */

/* Begin PBXFileReference section */
		BCF3705CBFAF7C0815486AA2 /* ViewController.swift */ = {isa = PBXFileReference; lastKnownFileType = sourcecode.swift; path = ViewController.swift; sourceTree = "<group>"; };
		BCF370A3F0140324F518832B /* macxprice.entitlements */ = {isa = PBXFileReference; lastKnownFileType = text.plist.entitlements; path = macxprice.entitlements; sourceTree = "<group>"; };
		BCF371401480C69ADA367C05 /* macxpriceTests.xctest */ = {isa = PBXFileReference; explicitFileType = wrapper.cfbundle; includeInIndex = 0; path = macxpriceTests.xctest; sourceTree = BUILT_PRODUCTS_DIR; };
		BCF3719999BCBB0ADBD52C8F /* Info.plist */ = {isa = PBXFileReference; lastKnownFileType = text.plist.info; path = Info.plist; sourceTree = "<group>"; };
		BCF3723A240AA211F1800969 /* Info.plist */ = {isa = PBXFileReference; lastKnownFileType = text.plist.info; path = Info.plist; sourceTree = "<group>"; };
		BCF373D0D31E71EDA4706728 /* Base */ = {isa = PBXFileReference; lastKnownFileType = file.storyboard; name = Base; path = Base.lproj/Main.storyboard; sourceTree = "<group>"; };
		BCF374B208E205E2B9D0F3C8 /* macxpriceUITests.swift */ = {isa = PBXFileReference; lastKnownFileType = sourcecode.swift; path = macxpriceUITests.swift; sourceTree = "<group>"; };
		BCF3753D708E0E51B3C99607 /* macxpriceTests.swift */ = {isa = PBXFileReference; lastKnownFileType = sourcecode.swift; path = macxpriceTests.swift; sourceTree = "<group>"; };
		BCF375514A74723351EB11D3 /* Assets.xcassets */ = {isa = PBXFileReference; lastKnownFileType = folder.assetcatalog; path = Assets.xcassets; sourceTree = "<group>"; };
		BCF37B206E50974D260DCC79 /* AppDelegate.swift */ = {isa = PBXFileReference; lastKnownFileType = sourcecode.swift; path = AppDelegate.swift; sourceTree = "<group>"; };
		BCF37E239264942B34956789 /* Info.plist */ = {isa = PBXFileReference; lastKnownFileType = text.plist.info; path = Info.plist; sourceTree = "<group>"; };
		BCF37E9F2181AAB51DCA3129 /* macxpriceUITests.xctest */ = {isa = PBXFileReference; explicitFileType = wrapper.cfbundle; includeInIndex = 0; path = macxpriceUITests.xctest; sourceTree = BUILT_PRODUCTS_DIR; };
		BCF37FFD7054BEFC46FAFEDC /* macxprice.app */ = {isa = PBXFileReference; explicitFileType = wrapper.application; includeInIndex = 0; path = macxprice.app; sourceTree = BUILT_PRODUCTS_DIR; };
/* End PBXFileReference section */

/* Begin PBXFrameworksBuildPhase section */
		BCF37115430F04D1B9E8F467 /* Frameworks */ = {
			isa = PBXFrameworksBuildPhase;
			buildActionMask = 2147483647;
			files = (
			);
			runOnlyForDeploymentPostprocessing = 0;
		};
		BCF371DE39B3C96B21C58B7D /* Frameworks */ = {
			isa = PBXFrameworksBuildPhase;
			buildActionMask = 2147483647;
			files = (
			);
			runOnlyForDeploymentPostprocessing = 0;
		};
		BCF3799D7A887410DA516CED /* Frameworks */ = {
			isa = PBXFrameworksBuildPhase;
			buildActionMask = 2147483647;
			files = (
			);
			runOnlyForDeploymentPostprocessing = 0;
		};
/* End PBXFrameworksBuildPhase section */

/* Begin PBXGroup section */
		BCF3703301A75FBA1F7A93F3 /* Products */ = {
			isa = PBXGroup;
			children = (
				BCF37FFD7054BEFC46FAFEDC /* macxprice.app */,
				BCF371401480C69ADA367C05 /* macxpriceTests.xctest */,
				BCF37E9F2181AAB51DCA3129 /* macxpriceUITests.xctest */,
			);
			name = Products;
			sourceTree = "<group>";
		};
		BCF372177A2778E1422987B0 = {
			isa = PBXGroup;
			children = (
				BCF3703301A75FBA1F7A93F3 /* Products */,
				BCF376B7EE4051E73E2A8D82 /* macxprice */,
				BCF37917A6C63F9EED19C56F /* macxpriceTests */,
				BCF37798F3C7096E706443E2 /* macxpriceUITests */,
			);
			sourceTree = "<group>";
		};
		BCF376B7EE4051E73E2A8D82 /* macxprice */ = {
			isa = PBXGroup;
			children = (
				BCF3719999BCBB0ADBD52C8F /* Info.plist */,
				BCF375514A74723351EB11D3 /* Assets.xcassets */,
				BCF370A3F0140324F518832B /* macxprice.entitlements */,
				BCF37B206E50974D260DCC79 /* AppDelegate.swift */,
				BCF3720BA1D991ABADB142C6 /* Main.storyboard */,
				BCF3705CBFAF7C0815486AA2 /* ViewController.swift */,
			);
			path = macxprice;
			sourceTree = "<group>";
		};
		BCF37798F3C7096E706443E2 /* macxpriceUITests */ = {
			isa = PBXGroup;
			children = (
				BCF3723A240AA211F1800969 /* Info.plist */,
				BCF374B208E205E2B9D0F3C8 /* macxpriceUITests.swift */,
			);
			path = macxpriceUITests;
			sourceTree = "<group>";
		};
		BCF37917A6C63F9EED19C56F /* macxpriceTests */ = {
			isa = PBXGroup;
			children = (
				BCF37E239264942B34956789 /* Info.plist */,
				BCF3753D708E0E51B3C99607 /* macxpriceTests.swift */,
			);
			path = macxpriceTests;
			sourceTree = "<group>";
		};
/* End PBXGroup section */

/* Begin PBXNativeTarget section */
		BCF3753A19DD8B297520DA34 /* macxprice */ = {
			isa = PBXNativeTarget;
			buildConfigurationList = BCF37947F65463CE5FDD60F9 /* Build configuration list for PBXNativeTarget "macxprice" */;
			buildPhases = (
				BCF3772EFF1CD5EFE3F7D64D /* Sources */,
				BCF3799D7A887410DA516CED /* Frameworks */,
				BCF374ED4A1D239C1CBBA68D /* Resources */,
			);
			buildRules = (
			);
			dependencies = (
			);
			name = macxprice;
			productName = macxprice;
			productReference = BCF37FFD7054BEFC46FAFEDC /* macxprice.app */;
			productType = "com.apple.product-type.application";
		};
		BCF378E1DE72AD43263744AC /* macxpriceTests */ = {
			isa = PBXNativeTarget;
			buildConfigurationList = BCF3725778BB0A7397D02A19 /* Build configuration list for PBXNativeTarget "macxpriceTests" */;
			buildPhases = (
				BCF3738D447732587601DEB0 /* Sources */,
				BCF37115430F04D1B9E8F467 /* Frameworks */,
				BCF37F25A1588B579FD61F28 /* Resources */,
			);
			buildRules = (
			);
			dependencies = (
				BCF378E48C8CABF223BF839B /* PBXTargetDependency */,
			);
			name = macxpriceTests;
			productName = macxpriceTests;
			productReference = BCF371401480C69ADA367C05 /* macxpriceTests.xctest */;
			productType = "com.apple.product-type.bundle.unit-test";
		};
		BCF37D924111C4E43A2BBB6F /* macxpriceUITests */ = {
			isa = PBXNativeTarget;
			buildConfigurationList = BCF37F22BC445DCA34162E45 /* Build configuration list for PBXNativeTarget "macxpriceUITests" */;
			buildPhases = (
				BCF3707E72B5D933A6CD14D2 /* Sources */,
				BCF371DE39B3C96B21C58B7D /* Frameworks */,
				BCF37603CD26EED43587B0D9 /* Resources */,
			);
			buildRules = (
			);
			dependencies = (
				BCF373E05C50B27B26139693 /* PBXTargetDependency */,
			);
			name = macxpriceUITests;
			productName = macxpriceUITests;
			productReference = BCF37E9F2181AAB51DCA3129 /* macxpriceUITests.xctest */;
			productType = "com.apple.product-type.bundle.ui-testing";
		};
/* End PBXNativeTarget section */

/* Begin PBXProject section */
		BCF3797AC348F4EA87585704 /* Project object */ = {
			isa = PBXProject;
			attributes = {
				ORGANIZATIONNAME = m2lgsb;
			};
			buildConfigurationList = BCF3720DE386D760425008B4 /* Build configuration list for PBXProject "macxprice" */;
			compatibilityVersion = "Xcode 3.2";
			developmentRegion = English;
			hasScannedForEncodings = 0;
			knownRegions = (
				en,
			);
			mainGroup = BCF372177A2778E1422987B0;
			productRefGroup = BCF3703301A75FBA1F7A93F3 /* Products */;
			projectDirPath = "";
			projectRoot = "";
			targets = (
				BCF3753A19DD8B297520DA34 /* macxprice */,
				BCF378E1DE72AD43263744AC /* macxpriceTests */,
				BCF37D924111C4E43A2BBB6F /* macxpriceUITests */,
			);
		};
/* End PBXProject section */

/* Begin PBXResourcesBuildPhase section */
		BCF374ED4A1D239C1CBBA68D /* Resources */ = {
			isa = PBXResourcesBuildPhase;
			buildActionMask = 2147483647;
			files = (
				BCF378D24312ED4B6BA07E2F /* Assets.xcassets in Resources */,
				BCF37D06AA3E609D76EB25CE /* Main.storyboard in Resources */,
			);
			runOnlyForDeploymentPostprocessing = 0;
		};
		BCF37603CD26EED43587B0D9 /* Resources */ = {
			isa = PBXResourcesBuildPhase;
			buildActionMask = 2147483647;
			files = (
			);
			runOnlyForDeploymentPostprocessing = 0;
		};
		BCF37F25A1588B579FD61F28 /* Resources */ = {
			isa = PBXResourcesBuildPhase;
			buildActionMask = 2147483647;
			files = (
			);
			runOnlyForDeploymentPostprocessing = 0;
		};
/* End PBXResourcesBuildPhase section */

/* Begin PBXSourcesBuildPhase section */
		BCF3707E72B5D933A6CD14D2 /* Sources */ = {
			isa = PBXSourcesBuildPhase;
			buildActionMask = 2147483647;
			files = (
				BCF372D29E02B13DB30E5C22 /* macxpriceUITests.swift in Sources */,
			);
			runOnlyForDeploymentPostprocessing = 0;
		};
		BCF3738D447732587601DEB0 /* Sources */ = {
			isa = PBXSourcesBuildPhase;
			buildActionMask = 2147483647;
			files = (
				BCF379F380EBD50B16202F11 /* macxpriceTests.swift in Sources */,
			);
			runOnlyForDeploymentPostprocessing = 0;
		};
		BCF3772EFF1CD5EFE3F7D64D /* Sources */ = {
			isa = PBXSourcesBuildPhase;
			buildActionMask = 2147483647;
			files = (
				BCF3772B73D165FD52627862 /* AppDelegate.swift in Sources */,
				BCF37D779711CC22BF2D3A2C /* ViewController.swift in Sources */,
			);
			runOnlyForDeploymentPostprocessing = 0;
		};
/* End PBXSourcesBuildPhase section */

/* Begin PBXTargetDependency section */
		BCF373E05C50B27B26139693 /* PBXTargetDependency */ = {
			isa = PBXTargetDependency;
			target = BCF3753A19DD8B297520DA34 /* macxprice */;
			targetProxy = BCF37F1AF084E80F4F2CAFC5 /* PBXContainerItemProxy */;
		};
		BCF378E48C8CABF223BF839B /* PBXTargetDependency */ = {
			isa = PBXTargetDependency;
			target = BCF3753A19DD8B297520DA34 /* macxprice */;
			targetProxy = BCF37BF4B39838859043EA70 /* PBXContainerItemProxy */;
		};
/* End PBXTargetDependency section */

/* Begin PBXVariantGroup section */
		BCF3720BA1D991ABADB142C6 /* Main.storyboard */ = {
			isa = PBXVariantGroup;
			children = (
				BCF373D0D31E71EDA4706728 /* Base */,
			);
			name = Main.storyboard;
			sourceTree = "<group>";
		};
/* End PBXVariantGroup section */

/* Begin XCBuildConfiguration section */
		BCF37086FFEE8E471D8B761B /* Debug */ = {
			isa = XCBuildConfiguration;
			buildSettings = {
				COMBINE_HIDPI_IMAGES = YES;
				INFOPLIST_FILE = macxpriceUITests/Info.plist;
				LD_RUNPATH_SEARCH_PATHS = "$(inherited) @executable_path/../Frameworks @loader_path/../Frameworks";
				PRODUCT_BUNDLE_IDENTIFIER = m2lgsb.macxpriceUITests;
				PRODUCT_NAME = "$(TARGET_NAME)";
				SWIFT_VERSION = 4.2;
				TEST_TARGET_NAME = macxprice;
			};
			name = Debug;
		};
		BCF37236BAB30BE70FB3F837 /* Debug */ = {
			isa = XCBuildConfiguration;
			buildSettings = {
				ASSETCATALOG_COMPILER_APPICON_NAME = AppIcon;
				CODE_SIGN_ENTITLEMENTS = macxprice/macxprice.entitlements;
				COMBINE_HIDPI_IMAGES = YES;
				INFOPLIST_FILE = macxprice/Info.plist;
				LD_RUNPATH_SEARCH_PATHS = "$(inherited) @executable_path/../Frameworks";
				PRODUCT_BUNDLE_IDENTIFIER = m2lgsb.macxprice;
				PRODUCT_NAME = "$(TARGET_NAME)";
				SWIFT_VERSION = 4.2;
			};
			name = Debug;
		};
		BCF374DF6520D73D76D9D697 /* Debug */ = {
			isa = XCBuildConfiguration;
			buildSettings = {
				ALWAYS_SEARCH_USER_PATHS = NO;
				CLANG_ANALYZER_NONNULL = YES;
				CLANG_ANALYZER_NUMBER_OBJECT_CONVERSION = YES_AGGRESSIVE;
				CLANG_CXX_LANGUAGE_STANDARD = "gnu++14";
				CLANG_CXX_LIBRARY = "libc++";
				CLANG_ENABLE_MODULES = YES;
				CLANG_ENABLE_OBJC_ARC = YES;
				CLANG_ENABLE_OBJC_WEAK = YES;
				CLANG_WARN_BLOCK_CAPTURE_AUTORELEASING = YES;
				CLANG_WARN_BOOL_CONVERSION = YES;
				CLANG_WARN_COMMA = YES;
				CLANG_WARN_CONSTANT_CONVERSION = YES;
				CLANG_WARN_DEPRECATED_OBJC_IMPLEMENTATIONS = YES;
				CLANG_WARN_DIRECT_OBJC_ISA_USAGE = YES_ERROR;
				CLANG_WARN_DOCUMENTATION_COMMENTS = YES;
				CLANG_WARN_EMPTY_BODY = YES;
				CLANG_WARN_ENUM_CONVERSION = YES;
				CLANG_WARN_INFINITE_RECURSION = YES;
				CLANG_WARN_INT_CONVERSION = YES;
				CLANG_WARN_NON_LITERAL_NULL_CONVERSION = YES;
				CLANG_WARN_OBJC_IMPLICIT_RETAIN_SELF = YES;
				CLANG_WARN_OBJC_LITERAL_CONVERSION = YES;
				CLANG_WARN_OBJC_ROOT_CLASS = YES_ERROR;
				CLANG_WARN_RANGE_LOOP_ANALYSIS = YES;
				CLANG_WARN_STRICT_PROTOTYPES = YES;
				CLANG_WARN_SUSPICIOUS_MOVE = YES;
				CLANG_WARN_UNGUARDED_AVAILABILITY = YES_AGGRESSIVE;
				CLANG_WARN_UNREACHABLE_CODE = YES;
				CLANG_WARN__DUPLICATE_METHOD_MATCH = YES;
				CODE_SIGN_IDENTITY = "-";
				COPY_PHASE_STRIP = NO;
				DEBUG_INFORMATION_FORMAT = dwarf;
				ENABLE_STRICT_OBJC_MSGSEND = YES;
				ENABLE_TESTABILITY = YES;
				GCC_C_LANGUAGE_STANDARD = gnu11;
				GCC_DYNAMIC_NO_PIC = NO;
				GCC_NO_COMMON_BLOCKS = YES;
				GCC_OPTIMIZATION_LEVEL = 0;
				GCC_PREPROCESSOR_DEFINITIONS = (
					"DEBUG=1",
					"$(inherited)",
				);
				GCC_WARN_64_TO_32_BIT_CONVERSION = YES;
				GCC_WARN_ABOUT_RETURN_TYPE = YES_ERROR;
				GCC_WARN_UNDECLARED_SELECTOR = YES;
				GCC_WARN_UNINITIALIZED_AUTOS = YES_AGGRESSIVE;
				GCC_WARN_UNUSED_FUNCTION = YES;
				GCC_WARN_UNUSED_VARIABLE = YES;
				MACOSX_DEPLOYMENT_TARGET = 10.13;
				MTL_ENABLE_DEBUG_INFO = INCLUDE_SOURCE;
				MTL_FAST_MATH = YES;
				ONLY_ACTIVE_ARCH = YES;
				SDKROOT = macosx;
				SWIFT_ACTIVE_COMPILATION_CONDITIONS = DEBUG;
				SWIFT_OPTIMIZATION_LEVEL = "-Onone";
			};
			name = Debug;
		};
		BCF3754D85519392DEF9199D /* Release */ = {
			isa = XCBuildConfiguration;
			buildSettings = {
				ASSETCATALOG_COMPILER_APPICON_NAME = AppIcon;
				CODE_SIGN_ENTITLEMENTS = macxprice/macxprice.entitlements;
				COMBINE_HIDPI_IMAGES = YES;
				INFOPLIST_FILE = macxprice/Info.plist;
				LD_RUNPATH_SEARCH_PATHS = "$(inherited) @executable_path/../Frameworks";
				PRODUCT_BUNDLE_IDENTIFIER = m2lgsb.macxprice;
				PRODUCT_NAME = "$(TARGET_NAME)";
				SWIFT_VERSION = 4.2;
			};
			name = Release;
		};
		BCF376FBD17FE09D06CBE4EA /* Release */ = {
			isa = XCBuildConfiguration;
			buildSettings = {
				BUNDLE_LOADER = "$(BUILT_PRODUCTS_DIR)/macxprice.app/Contents/MacOS/macxprice";
				COMBINE_HIDPI_IMAGES = YES;
				INFOPLIST_FILE = macxpriceTests/Info.plist;
				LD_RUNPATH_SEARCH_PATHS = "$(inherited) @executable_path/../Frameworks @loader_path/../Frameworks";
				PRODUCT_BUNDLE_IDENTIFIER = m2lgsb.macxpriceTests;
				PRODUCT_NAME = "$(TARGET_NAME)";
				SWIFT_VERSION = 4.2;
				TEST_HOST = "$(BUNDLE_LOADER)";
			};
			name = Release;
		};
		BCF37764C5042916391C5BC7 /* Debug */ = {
			isa = XCBuildConfiguration;
			buildSettings = {
				BUNDLE_LOADER = "$(BUILT_PRODUCTS_DIR)/macxprice.app/Contents/MacOS/macxprice";
				COMBINE_HIDPI_IMAGES = YES;
				INFOPLIST_FILE = macxpriceTests/Info.plist;
				LD_RUNPATH_SEARCH_PATHS = "$(inherited) @executable_path/../Frameworks @loader_path/../Frameworks";
				PRODUCT_BUNDLE_IDENTIFIER = m2lgsb.macxpriceTests;
				PRODUCT_NAME = "$(TARGET_NAME)";
				SWIFT_VERSION = 4.2;
				TEST_HOST = "$(BUNDLE_LOADER)";
			};
			name = Debug;
		};
		BCF37AB29B700D2EF678F1A1 /* Release */ = {
			isa = XCBuildConfiguration;
			buildSettings = {
				ALWAYS_SEARCH_USER_PATHS = NO;
				CLANG_ANALYZER_NONNULL = YES;
				CLANG_ANALYZER_NUMBER_OBJECT_CONVERSION = YES_AGGRESSIVE;
				CLANG_CXX_LANGUAGE_STANDARD = "gnu++14";
				CLANG_CXX_LIBRARY = "libc++";
				CLANG_ENABLE_MODULES = YES;
				CLANG_ENABLE_OBJC_ARC = YES;
				CLANG_ENABLE_OBJC_WEAK = YES;
				CLANG_WARN_BLOCK_CAPTURE_AUTORELEASING = YES;
				CLANG_WARN_BOOL_CONVERSION = YES;
				CLANG_WARN_COMMA = YES;
				CLANG_WARN_CONSTANT_CONVERSION = YES;
				CLANG_WARN_DEPRECATED_OBJC_IMPLEMENTATIONS = YES;
				CLANG_WARN_DIRECT_OBJC_ISA_USAGE = YES_ERROR;
				CLANG_WARN_DOCUMENTATION_COMMENTS = YES;
				CLANG_WARN_EMPTY_BODY = YES;
				CLANG_WARN_ENUM_CONVERSION = YES;
				CLANG_WARN_INFINITE_RECURSION = YES;
				CLANG_WARN_INT_CONVERSION = YES;
				CLANG_WARN_NON_LITERAL_NULL_CONVERSION = YES;
				CLANG_WARN_OBJC_IMPLICIT_RETAIN_SELF = YES;
				CLANG_WARN_OBJC_LITERAL_CONVERSION = YES;
				CLANG_WARN_OBJC_ROOT_CLASS = YES_ERROR;
				CLANG_WARN_RANGE_LOOP_ANALYSIS = YES;
				CLANG_WARN_STRICT_PROTOTYPES = YES;
				CLANG_WARN_SUSPICIOUS_MOVE = YES;
				CLANG_WARN_UNGUARDED_AVAILABILITY = YES_AGGRESSIVE;
				CLANG_WARN_UNREACHABLE_CODE = YES;
				CLANG_WARN__DUPLICATE_METHOD_MATCH = YES;
				CODE_SIGN_IDENTITY = "-";
				COPY_PHASE_STRIP = NO;
				DEBUG_INFORMATION_FORMAT = "dwarf-with-dsym";
				ENABLE_NS_ASSERTIONS = NO;
				ENABLE_STRICT_OBJC_MSGSEND = YES;
				GCC_C_LANGUAGE_STANDARD = gnu11;
				GCC_NO_COMMON_BLOCKS = YES;
				GCC_WARN_64_TO_32_BIT_CONVERSION = YES;
				GCC_WARN_ABOUT_RETURN_TYPE = YES_ERROR;
				GCC_WARN_UNDECLARED_SELECTOR = YES;
				GCC_WARN_UNINITIALIZED_AUTOS = YES_AGGRESSIVE;
				GCC_WARN_UNUSED_FUNCTION = YES;
				GCC_WARN_UNUSED_VARIABLE = YES;
				MACOSX_DEPLOYMENT_TARGET = 10.13;
				MTL_ENABLE_DEBUG_INFO = NO;
				MTL_FAST_MATH = YES;
				SDKROOT = macosx;
				SWIFT_COMPILATION_MODE = wholemodule;
				SWIFT_OPTIMIZATION_LEVEL = "-O";
			};
			name = Release;
		};
		BCF37B5BFB42A03452F5BE17 /* Release */ = {
			isa = XCBuildConfiguration;
			buildSettings = {
				COMBINE_HIDPI_IMAGES = YES;
				INFOPLIST_FILE = macxpriceUITests/Info.plist;
				LD_RUNPATH_SEARCH_PATHS = "$(inherited) @executable_path/../Frameworks @loader_path/../Frameworks";
				PRODUCT_BUNDLE_IDENTIFIER = m2lgsb.macxpriceUITests;
				PRODUCT_NAME = "$(TARGET_NAME)";
				SWIFT_VERSION = 4.2;
				TEST_TARGET_NAME = macxprice;
			};
			name = Release;
		};
/* End XCBuildConfiguration section */

/* Begin XCConfigurationList section */
		BCF3720DE386D760425008B4 /* Build configuration list for PBXProject "macxprice" */ = {
			isa = XCConfigurationList;
			buildConfigurations = (
				BCF374DF6520D73D76D9D697 /* Debug */,
				BCF37AB29B700D2EF678F1A1 /* Release */,
			);
			defaultConfigurationIsVisible = 0;
			defaultConfigurationName = Release;
		};
		BCF3725778BB0A7397D02A19 /* Build configuration list for PBXNativeTarget "macxpriceTests" */ = {
			isa = XCConfigurationList;
			buildConfigurations = (
				BCF37764C5042916391C5BC7 /* Debug */,
				BCF376FBD17FE09D06CBE4EA /* Release */,
			);
			defaultConfigurationIsVisible = 0;
		};
		BCF37947F65463CE5FDD60F9 /* Build configuration list for PBXNativeTarget "macxprice" */ = {
			isa = XCConfigurationList;
			buildConfigurations = (
				BCF37236BAB30BE70FB3F837 /* Debug */,
				BCF3754D85519392DEF9199D /* Release */,
			);
			defaultConfigurationIsVisible = 0;
		};
		BCF37F22BC445DCA34162E45 /* Build configuration list for PBXNativeTarget "macxpriceUITests" */ = {
			isa = XCConfigurationList;
			buildConfigurations = (
				BCF37086FFEE8E471D8B761B /* Debug */,
				BCF37B5BFB42A03452F5BE17 /* Release */,
			);
			defaultConfigurationIsVisible = 0;
		};
/* End XCConfigurationList section */
	};
	rootObject = BCF3797AC348F4EA87585704 /* Project object */;
}
